
Microsoft Visual Studio Solution File, Format Version 12.00
# Visual Studio Version 17
VisualStudioVersion = 17.13.35931.197 d17.13
MinimumVisualStudioVersion = 10.0.40219.1
Project("{8BC9CEB8-8B4A-11D0-8D11-00A0C91BC942}") = "lr2", "lr2.vcxproj", "{E6985E5C-8797-4664-A917-AB7B572D77E3}"
EndProject
Global
	GlobalSection(SolutionConfigurationPlatforms) = preSolution
		Debug|x64 = Debug|x64
		Debug|x86 = Debug|x86
		Release|x64 = Release|x64
		Release|x86 = Release|x86
	EndGlobalSection
	GlobalSection(ProjectConfigurationPlatforms) = postSolution
		{E6985E5C-8797-4664-A917-AB7B572D77E3}.Debug|x64.ActiveCfg = Debug|x64
		{E6985E5C-8797-4664-A917-AB7B572D77E3}.Debug|x64.Build.0 = Debug|x64
		{E6985E5C-8797-4664-A917-AB7B572D77E3}.Debug|x86.ActiveCfg = Debug|Win32
		{E6985E5C-8797-4664-A917-AB7B572D77E3}.Debug|x86.Build.0 = Debug|Win32
		{E6985E5C-8797-4664-A917-AB7B572D77E3}.Release|x64.ActiveCfg = Release|x64
		{E6985E5C-8797-4664-A917-AB7B572D77E3}.Release|x64.Build.0 = Release|x64
		{E6985E5C-8797-4664-A917-AB7B572D77E3}.Release|x86.ActiveCfg = Release|Win32
		{E6985E5C-8797-4664-A917-AB7B572D77E3}.Release|x86.Build.0 = Release|Win32
	EndGlobalSection
	GlobalSection(SolutionProperties) = preSolution
		HideSolutionNode = FALSE
	EndGlobalSection
	GlobalSection(ExtensibilityGlobals) = postSolution
		SolutionGuid = {EDAB7E1C-A56B-4049-8051-CC7868FCAF18}
	EndGlobalSection
EndGlobal
